cloudeng.io/cmdutil v0.0.0-20250428223124-bb967ac9f3f8 h1:hs9tFbld9uuuOzr++6JS6LuF4ZHylYuRdzllwN70+Go=
cloudeng.io/cmdutil v0.0.0-20250428223124-bb967ac9f3f8/go.mod h1:cdA+lzBTdzRDglLOacu63J+tgu/TO3IQ8jGskda6ntQ=
cloudeng.io/datetime v0.0.0-20250428223124-bb967ac9f3f8 h1:xVC3pb9nvLDhc0MFWxmYkEBHM1gh2dKqdLsBsYWQmto=
cloudeng.io/datetime v0.0.0-20250428223124-bb967ac9f3f8/go.mod h1:/vJ5Opdclc6UQ0nypL8y1EENDITc+JsV3k43pi/H6NU=
cloudeng.io/file v0.0.0-20250428223124-bb967ac9f3f8 h1:+UoQbuslTATAty78yj7O5Su27aZfrMUj0p01YJQF7XE=
cloudeng.io/file v0.0.0-20250428223124-bb967ac9f3f8/go.mod h1:oim2jVljgZXzwJJSywUcdyROOSEvhLjIQvKDv+79tVI=
cloudeng.io/logging v0.0.0-20250428223124-bb967ac9f3f8 h1:/mGihcZqyJOS3jQOrTEZIzlLiX8gaDaasP736sTOjqY=
cloudeng.io/logging v0.0.0-20250428223124-bb967ac9f3f8/go.mod h1:D0TUs3Aiwa1c7xI/TE7JITYnICck34r6DR5twakJjIs=
github.com/cosnicolaou/automation v0.0.0-20250516220144-b6f3bad30206 h1:+OjXV+TucMYsf4jQP0ztSIRZSApa3GvLTBNxEqKCsoM=
github.com/cosnicolaou/automation v0.0.0-20250516220144-b6f3bad30206/go.mod h1:d3KJXO0phiAQ+NtWdMM0HoSBSIRRBFvzuwXjjwAHwDI=
github.com/creack/pty v1.1.9/go.mod h1:oKZEueFk5CKHvIhNR5MUki03XCEU+Q6VDXinZuGJ33E=
github.com/kr/pretty v0.3.1 h1:flRD4NNwYAUpkphVc1HcthR4KEIFJ65n8Mw5qdRn3LE=
github.com/kr/pretty v0.3.1/go.mod h1:hoEshYVHaxMs3cyo3Yncou5ZscifuDolrwPKZanG3xk=
github.com/kr/text v0.2.0 h1:5Nx0Ya0ZqY2ygV366QzturHI13Jq95ApcVaJBhpS+AY=
github.com/kr/text v0.2.0/go.mod h1:eLer722TekiGuMkidMxC/pM04lWEeraHUUmBw8l2grE=
github.com/rogpeppe/go-internal v1.12.0 h1:exVL4IDcn6na9z1rAb56Vxr+CgyK3nn3O+epU5NdKM8=
github.com/rogpeppe/go-internal v1.12.0/go.mod h1:E+RYuTGaKKdloAfM02xzb0FW3Paa99yedzYV+kq4uf4=
golang.org/x/text v0.25.0 h1:qVyWApTSYLk/drJRO5mDlNYskwQznZmkpV2c8q9zls4=
golang.org/x/text v0.25.0/go.mod h1:WEdwpYrmk1qmdHvhkSTNPm3app7v4rsT8F2UD6+VHIA=
gopkg.in/check.v1 v0.0.0-20161208181325-20d25e280405/go.mod h1:Co6ibVJAznAaIkqp8huTwlJQCZ016jof/cbN4VW5Yz0=
gopkg.in/check.v1 v1.0.0-20201130134442-10cb98267c6c h1:Hei/4ADfdWqJk1ZMxUNpqntNwaWcugrBjAiHlqqRiVk=
gopkg.in/check.v1 v1.0.0-20201130134442-10cb98267c6c/go.mod h1:JHkPIbrfpd72SG/EVd6muEfDQjcINNoR0C8j2r3qZ4Q=
gopkg.in/yaml.v3 v3.0.1 h1:fxVm/GzAzEWqLHuvctI91KS9hhNmmWOoWu0XTYJS7CA=
gopkg.in/yaml.v3 v3.0.1/go.mod h1:K4uyk7z7BCEPqu6E+C64Yfv1cQ7kz7rIZviUmN+EgEM=
