cloudeng.io/cmdutil v0.0.0-20250119024745-8a46e9bdda10 h1:BRG1xmkniP+I5anb3a3GWJJMixDOqDQMIPteBar//yM=
cloudeng.io/cmdutil v0.0.0-20250119024745-8a46e9bdda10/go.mod h1:SaquTd0cZsJxXo4C/UzVIlGGgqSqxXXaWpZj8O35zg4=
cloudeng.io/cmdutil v0.0.0-20250417183712-58bca6dba505 h1:eL/fpV6a3xt67ogF/e3YUzFEgH08QStxpRJCOaCPOM0=
cloudeng.io/cmdutil v0.0.0-20250417183712-58bca6dba505/go.mod h1:cdA+lzBTdzRDglLOacu63J+tgu/TO3IQ8jGskda6ntQ=
cloudeng.io/cmdutil v0.0.0-20250428223124-bb967ac9f3f8/go.mod h1:cdA+lzBTdzRDglLOacu63J+tgu/TO3IQ8jGskda6ntQ=
cloudeng.io/datetime v0.0.0-20250119024745-8a46e9bdda10 h1:4jcZ53jFZeP4M3yk0QveIbbeFyMkgyWAboHApXnKBE0=
cloudeng.io/datetime v0.0.0-20250119024745-8a46e9bdda10/go.mod h1:oC+T0v8O/Dtl7wE9Q+RXfQOjHT+9OlQAjvDbWZncs70=
cloudeng.io/datetime v0.0.0-20250417183712-58bca6dba505 h1:vAnM1LIuI6dygc/3z4VUKgXtKVJdKBk8unzDJ+wFjNc=
cloudeng.io/datetime v0.0.0-20250417183712-58bca6dba505/go.mod h1:/vJ5Opdclc6UQ0nypL8y1EENDITc+JsV3k43pi/H6NU=
cloudeng.io/datetime v0.0.0-20250428223124-bb967ac9f3f8/go.mod h1:/vJ5Opdclc6UQ0nypL8y1EENDITc+JsV3k43pi/H6NU=
cloudeng.io/file v0.0.0-20250119024745-8a46e9bdda10 h1:beVESn7Y/6FM4aW3Z9ATTPaPEeDf/mDjD10r+VIxnD8=
cloudeng.io/file v0.0.0-20250119024745-8a46e9bdda10/go.mod h1:cpn65256dvwrs7+iULJk+DSTiCtzVdb9ojENSHNQUkE=
cloudeng.io/file v0.0.0-20250417183712-58bca6dba505 h1:jMvGmsHwNrwX6pHwhLZRlZzBd7UvnXBR5MTrI+k6nk8=
cloudeng.io/file v0.0.0-20250417183712-58bca6dba505/go.mod h1:oim2jVljgZXzwJJSywUcdyROOSEvhLjIQvKDv+79tVI=
cloudeng.io/file v0.0.0-20250428223124-bb967ac9f3f8/go.mod h1:oim2jVljgZXzwJJSywUcdyROOSEvhLjIQvKDv+79tVI=
cloudeng.io/logging v0.0.0-20250417183712-58bca6dba505 h1:Gng+gHZgBwmIW9Y23YGw91+SPADvL6/zuLG+VOsS72k=
cloudeng.io/logging v0.0.0-20250417183712-58bca6dba505/go.mod h1:D0TUs3Aiwa1c7xI/TE7JITYnICck34r6DR5twakJjIs=
cloudeng.io/logging v0.0.0-20250428223124-bb967ac9f3f8/go.mod h1:D0TUs3Aiwa1c7xI/TE7JITYnICck34r6DR5twakJjIs=
github.com/cosnicolaou/automation v0.0.0-20250123200349-f6cb99005da2 h1:RerzH4smpCO2tDqDGxfzvdEZZw2W4dUrhfuF+M/lZRo=
github.com/cosnicolaou/automation v0.0.0-20250123200349-f6cb99005da2/go.mod h1:99GBZO996l8LCP6YWKQ3woKAEzHdqxamZ+LRQBElYmM=
github.com/cosnicolaou/automation v0.0.0-20250414044827-b7c9220979d8 h1:i5UcchK6FjuB4QH67cAnqyRtm1TvYZf425a8nPGN6Pk=
github.com/cosnicolaou/automation v0.0.0-20250414044827-b7c9220979d8/go.mod h1:OLcpZsCDevmMfXdxXS6bOvJxguCP9kP7B3dL9hW5GpU=
github.com/cosnicolaou/automation v0.0.0-20250428235220-63c5b2ef90d7 h1:ndMuMDbCpDhvqTZpKTHzBf0gRiW2rguzCVj16T5rLt0=
github.com/cosnicolaou/automation v0.0.0-20250428235220-63c5b2ef90d7/go.mod h1:2+X6EXF3vBXmtZp5nB4+Ia1f15LEQjjZTR5mnElBHmg=
golang.org/x/text v0.21.0 h1:zyQAAkrwaneQ066sspRyJaG9VNi/YJ1NfzcGB3hZ/qo=
golang.org/x/text v0.21.0/go.mod h1:4IBbMaMmOPCJ8SecivzSH54+73PCFmPWxNTLm+vZkEQ=
gopkg.in/check.v1 v0.0.0-20161208181325-20d25e280405 h1:yhCVgyC4o1eVCa2tZl7eS0r+SDo693bJlVdllGtEeKM=
gopkg.in/check.v1 v0.0.0-20161208181325-20d25e280405/go.mod h1:Co6ibVJAznAaIkqp8huTwlJQCZ016jof/cbN4VW5Yz0=
gopkg.in/yaml.v3 v3.0.1 h1:fxVm/GzAzEWqLHuvctI91KS9hhNmmWOoWu0XTYJS7CA=
gopkg.in/yaml.v3 v3.0.1/go.mod h1:K4uyk7z7BCEPqu6E+C64Yfv1cQ7kz7rIZviUmN+EgEM=
